{
  "name": "@derouter/rpc",
  "version": "0.1.0",
  "lockfileVersion": 3,
  "requires": true,
  "packages": {
    "": {
      "name": "@derouter/rpc",
      "version": "0.1.0",
      "license": "MIT",
      "dependencies": {
        "emittery": "^1.1.0",
        "yamux-js": "^0.2.0"
      },
      "devDependencies": {
        "@types/node": "^22.13.11",
        "typescript": "^5.8.2"
      },
      "peerDependencies": {
        "cbor2": "^1.12.0",
        "valibot": "^1.0.0"
      }
    },
    "node_modules/@types/node": {
      "version": "22.13.15",
      "resolved": "https://registry.npmjs.org/@types/node/-/node-22.13.15.tgz",
      "integrity": "sha512-imAbQEEbVni6i6h6Bd5xkCRwLqFc8hihCsi2GbtDoAtUcAFQ6Zs4pFXTZUUbroTkXdImczWM9AI8eZUuybXE3w==",
      "dev": true,
      "license": "MIT",
      "dependencies": {
        "undici-types": "~6.20.0"
      }
    },
    "node_modules/cbor2": {
      "version": "1.12.0",
      "resolved": "https://registry.npmjs.org/cbor2/-/cbor2-1.12.0.tgz",
      "integrity": "sha512-3Cco8XQhi27DogSp9Ri6LYNZLi/TBY/JVnDe+mj06NkBjW/ZYOtekaEU4wZ4xcRMNrFkDv8KNtOAqHyDfz3lYg==",
      "license": "MIT",
      "peer": true,
      "engines": {
        "node": ">=18.7"
      }
    },
    "node_modules/emittery": {
      "version": "1.1.0",
      "resolved": "https://registry.npmjs.org/emittery/-/emittery-1.1.0.tgz",
      "integrity": "sha512-rsX7ktqARv/6UQDgMaLfIqUWAEzzbCQiVh7V9rhDXp6c37yoJcks12NVD+XPkgl4AEavmNhVfrhGoqYwIsMYYA==",
      "license": "MIT",
      "engines": {
        "node": ">=14.16"
      },
      "funding": {
        "url": "https://github.com/sindresorhus/emittery?sponsor=1"
      }
    },
    "node_modules/typescript": {
      "version": "5.8.2",
      "resolved": "https://registry.npmjs.org/typescript/-/typescript-5.8.2.tgz",
      "integrity": "sha512-aJn6wq13/afZp/jT9QZmwEjDqqvSGp1VT5GVg+f/t6/oVyrgXM6BY1h9BRh/O5p3PlUPAe+WuiEZOmb/49RqoQ==",
      "devOptional": true,
      "license": "Apache-2.0",
      "bin": {
        "tsc": "bin/tsc",
        "tsserver": "bin/tsserver"
      },
      "engines": {
        "node": ">=14.17"
      }
    },
    "node_modules/undici-types": {
      "version": "6.20.0",
      "resolved": "https://registry.npmjs.org/undici-types/-/undici-types-6.20.0.tgz",
      "integrity": "sha512-Ny6QZ2Nju20vw1SRHe3d9jVu6gJ+4e3+MMpqu7pqE5HT6WsTSlce++GQmK5UXS8mzV8DSYHrQH+Xrf2jVcuKNg==",
      "dev": true,
      "license": "MIT"
    },
    "node_modules/valibot": {
      "version": "1.0.0",
      "resolved": "https://registry.npmjs.org/valibot/-/valibot-1.0.0.tgz",
      "integrity": "sha512-1Hc0ihzWxBar6NGeZv7fPLY0QuxFMyxwYR2sF1Blu7Wq7EnremwY2W02tit2ij2VJT8HcSkHAQqmFfl77f73Yw==",
      "license": "MIT",
      "peer": true,
      "peerDependencies": {
        "typescript": ">=5"
      },
      "peerDependenciesMeta": {
        "typescript": {
          "optional": true
        }
      }
    },
    "node_modules/yamux-js": {
      "version": "0.2.0",
      "resolved": "https://registry.npmjs.org/yamux-js/-/yamux-js-0.2.0.tgz",
      "integrity": "sha512-GSFGUIZ2Uzd1H2V4wPWj5FY8XNg84uj7tBxbw0Zxgg1hNemx/D5hec+9rVLTDp3ThHsB6egQNUQKruWBKW0VYQ==",
      "license": "MIT"
    }
  }
}
